<?xml version="1.0" encoding="utf-8"?>
<Project ToolsVersion="4.0" xmlns="http://schemas.microsoft.com/developer/msbuild/2003">
  <ItemGroup>
    <Filter Include="Source Files">
      <UniqueIdentifier>{4FC737F1-C7A5-4376-A066-2A32D752A2FF}</UniqueIdentifier>
      <Extensions>cpp;c;cc;cxx;c++;cppm;ixx;def;odl;idl;hpj;bat;asm;asmx</Extensions>
    </Filter>
    <Filter Include="Header Files">
      <UniqueIdentifier>{93995380-89BD-4b04-88EB-625FBE52EBFB}</UniqueIdentifier>
      <Extensions>h;hh;hpp;hxx;h++;hm;inl;inc;ipp;xsd</Extensions>
    </Filter>
    <Filter Include="Resource Files">
      <UniqueIdentifier>{67DA6AB6-F800-4c08-8B7A-83BB121AAD01}</UniqueIdentifier>
      <Extensions>rc;ico;cur;bmp;dlg;rc2;rct;bin;rgs;gif;jpg;jpeg;jpe;resx;tiff;tif;png;wav;mfcribbon-ms</Extensions>
    </Filter>
    <Filter Include="Header Files\Enums">
      <UniqueIdentifier>{492e1e20-27f2-4743-8630-606c14627f9f}</UniqueIdentifier>
    </Filter>
    <Filter Include="Header Files\Player Logic">
      <UniqueIdentifier>{00df125f-3ca0-4784-8e24-888ea4dd520a}</UniqueIdentifier>
    </Filter>
    <Filter Include="Source Files\Player Logic">
      <UniqueIdentifier>{913dfeb2-fd85-42a0-8d21-b1aa836e1076}</UniqueIdentifier>
    </Filter>
    <Filter Include="Source Files\Primary Logic">
      <UniqueIdentifier>{c134c16c-ea74-4fd2-ba92-cd2d3a3a1f68}</UniqueIdentifier>
    </Filter>
    <Filter Include="Header Files\Primary Logic">
      <UniqueIdentifier>{f7378924-4235-4d6c-ac7d-c731eec99907}</UniqueIdentifier>
    </Filter>
    <Filter Include="Header Files\Scene Logic">
      <UniqueIdentifier>{011e0637-56b8-4d02-a2d8-37650389aeda}</UniqueIdentifier>
    </Filter>
    <Filter Include="Source Files\Scene Logic">
      <UniqueIdentifier>{5b8f9f78-67cc-4ca4-b4fd-98b17d7aca3d}</UniqueIdentifier>
    </Filter>
    <Filter Include="Source Files\Scene Logic\Scenes">
      <UniqueIdentifier>{8d5beb04-5305-4b8a-8281-848f6a4cc355}</UniqueIdentifier>
    </Filter>
    <Filter Include="Header Files\Scene Logic\Scenes">
      <UniqueIdentifier>{440c61de-93e1-47c5-93ce-7854ba61e9c5}</UniqueIdentifier>
    </Filter>
  </ItemGroup>
  <ItemGroup>
    <ClCompile Include="Source.cpp">
      <Filter>Source Files</Filter>
    </ClCompile>
    <ClCompile Include="Scene.cpp">
      <Filter>Source Files\Scene Logic</Filter>
    </ClCompile>
    <ClCompile Include="SceneManager.cpp">
      <Filter>Source Files\Scene Logic</Filter>
    </ClCompile>
    <ClCompile Include="Bomb.cpp">
      <Filter>Source Files\Player Logic</Filter>
    </ClCompile>
    <ClCompile Include="Player.cpp">
      <Filter>Source Files\Player Logic</Filter>
    </ClCompile>
    <ClCompile Include="Explosion.cpp">
      <Filter>Source Files\Player Logic</Filter>
    </ClCompile>
    <ClCompile Include="TextRenderer.cpp">
      <Filter>Source Files\Primary Logic</Filter>
    </ClCompile>
    <ClCompile Include="Input.cpp">
      <Filter>Source Files\Primary Logic</Filter>
    </ClCompile>
    <ClCompile Include="GameInstance.cpp">
      <Filter>Source Files\Primary Logic</Filter>
    </ClCompile>
    <ClCompile Include="GameScene.cpp">
      <Filter>Source Files\Scene Logic\Scenes</Filter>
    </ClCompile>
    <ClCompile Include="IntroScene.cpp">
      <Filter>Source Files\Scene Logic\Scenes</Filter>
    </ClCompile>
    <ClCompile Include="MainMenuScene.cpp">
      <Filter>Source Files\Scene Logic\Scenes</Filter>
    </ClCompile>
    <ClCompile Include="WinScene.cpp">
      <Filter>Source Files\Scene Logic\Scenes</Filter>
    </ClCompile>
    <ClCompile Include="AudioManager.cpp">
      <Filter>Source Files\Primary Logic</Filter>
    </ClCompile>
    <ClCompile Include="Dictionary.cpp">
      <Filter>Source Files\Primary Logic</Filter>
    </ClCompile>
    <ClCompile Include="DictionaryItem.cpp">
      <Filter>Source Files\Primary Logic</Filter>
    </ClCompile>
  </ItemGroup>
  <ItemGroup>
    <ClInclude Include="ObjectsEnum.h">
      <Filter>Header Files\Enums</Filter>
    </ClInclude>
    <ClInclude Include="WallsEnum.h">
      <Filter>Header Files\Enums</Filter>
    </ClInclude>
    <ClInclude Include="Scene.h">
      <Filter>Header Files\Scene Logic</Filter>
    </ClInclude>
    <ClInclude Include="Bomb.h">
      <Filter>Header Files\Player Logic</Filter>
    </ClInclude>
    <ClInclude Include="Explosion.h">
      <Filter>Header Files\Player Logic</Filter>
    </ClInclude>
    <ClInclude Include="Player.h">
      <Filter>Header Files\Player Logic</Filter>
    </ClInclude>
    <ClInclude Include="GameInstance.h">
      <Filter>Header Files\Primary Logic</Filter>
    </ClInclude>
    <ClInclude Include="GameObject.h">
      <Filter>Header Files\Primary Logic</Filter>
    </ClInclude>
    <ClInclude Include="Input.h">
      <Filter>Header Files\Primary Logic</Filter>
    </ClInclude>
    <ClInclude Include="Primitives.h">
      <Filter>Header Files\Primary Logic</Filter>
    </ClInclude>
    <ClInclude Include="Sprite.h">
      <Filter>Header Files\Primary Logic</Filter>
    </ClInclude>
    <ClInclude Include="TextRenderer.h">
      <Filter>Header Files\Primary Logic</Filter>
    </ClInclude>
    <ClInclude Include="GameScene.h">
      <Filter>Header Files\Scene Logic\Scenes</Filter>
    </ClInclude>
    <ClInclude Include="IntroScene.h">
      <Filter>Header Files\Scene Logic\Scenes</Filter>
    </ClInclude>
    <ClInclude Include="MainMenuScene.h">
      <Filter>Header Files\Scene Logic\Scenes</Filter>
    </ClInclude>
    <ClInclude Include="CharacterTypesEnum.h">
      <Filter>Header Files\Enums</Filter>
    </ClInclude>
    <ClInclude Include="MenuStatesEnum.h">
      <Filter>Header Files\Enums</Filter>
    </ClInclude>
    <ClInclude Include="SceneManager.h">
      <Filter>Header Files\Scene Logic</Filter>
    </ClInclude>
    <ClInclude Include="WinScene.h">
      <Filter>Header Files\Scene Logic\Scenes</Filter>
    </ClInclude>
    <ClInclude Include="AudioManager.h">
      <Filter>Header Files\Primary Logic</Filter>
    </ClInclude>
    <ClInclude Include="Dictionary.h">
      <Filter>Header Files\Primary Logic</Filter>
    </ClInclude>
    <ClInclude Include="DictionaryItem.h">
      <Filter>Header Files\Primary Logic</Filter>
    </ClInclude>
  </ItemGroup>
  <ItemGroup>
    <None Include="packages.config" />
  </ItemGroup>
</Project>